// !$*UTF8*$!
{
	archiveVersion = 1;
	classes = {
	};
	objectVersion = 55;
	objects = {

/* Begin PBXBuildFile section */
		AB71BB3128A7FAF100FD24C1 /* HttpClient.swift in Sources */ = {isa = PBXBuildFile; fileRef = AB71BB3028A7FAF100FD24C1 /* HttpClient.swift */; };
		AB71BB3228A7FAF100FD24C1 /* HttpClient.swift in Sources */ = {isa = PBXBuildFile; fileRef = AB71BB3028A7FAF100FD24C1 /* HttpClient.swift */; };
		AB71BB3428A7FB1800FD24C1 /* HttpRequest.swift in Sources */ = {isa = PBXBuildFile; fileRef = AB71BB3328A7FB1800FD24C1 /* HttpRequest.swift */; };
		AB71BB3528A7FB1800FD24C1 /* HttpRequest.swift in Sources */ = {isa = PBXBuildFile; fileRef = AB71BB3328A7FB1800FD24C1 /* HttpRequest.swift */; };
		AB71BB3728A7FB2300FD24C1 /* HttpResponse.swift in Sources */ = {isa = PBXBuildFile; fileRef = AB71BB3628A7FB2300FD24C1 /* HttpResponse.swift */; };
		AB71BB3828A7FB2300FD24C1 /* HttpResponse.swift in Sources */ = {isa = PBXBuildFile; fileRef = AB71BB3628A7FB2300FD24C1 /* HttpResponse.swift */; };
		AB782329289AED620075746B /* AppDelegate.swift in Sources */ = {isa = PBXBuildFile; fileRef = AB782328289AED620075746B /* AppDelegate.swift */; };
		AB78232B289AED620075746B /* SceneDelegate.swift in Sources */ = {isa = PBXBuildFile; fileRef = AB78232A289AED620075746B /* SceneDelegate.swift */; };
		AB78232D289AED620075746B /* ViewController.swift in Sources */ = {isa = PBXBuildFile; fileRef = AB78232C289AED620075746B /* ViewController.swift */; };
		AB782330289AED620075746B /* Main.storyboard in Resources */ = {isa = PBXBuildFile; fileRef = AB78232E289AED620075746B /* Main.storyboard */; };
		AB782332289AED630075746B /* Assets.xcassets in Resources */ = {isa = PBXBuildFile; fileRef = AB782331289AED630075746B /* Assets.xcassets */; };
		AB782335289AED630075746B /* LaunchScreen.storyboard in Resources */ = {isa = PBXBuildFile; fileRef = AB782333289AED630075746B /* LaunchScreen.storyboard */; };
		AB782340289AED640075746B /* HungerHeroesTests.swift in Sources */ = {isa = PBXBuildFile; fileRef = AB78233F289AED640075746B /* HungerHeroesTests.swift */; };
		AB78234A289AED640075746B /* HungerHeroesUITests.swift in Sources */ = {isa = PBXBuildFile; fileRef = AB782349289AED640075746B /* HungerHeroesUITests.swift */; };
		AB78234C289AED640075746B /* HungerHeroesUITestsLaunchTests.swift in Sources */ = {isa = PBXBuildFile; fileRef = AB78234B289AED640075746B /* HungerHeroesUITestsLaunchTests.swift */; };
		AB78235A289AFBEB0075746B /* Hero.swift in Sources */ = {isa = PBXBuildFile; fileRef = AB782359289AFBEB0075746B /* Hero.swift */; };
		AB78235B289AFC050075746B /* Hero.swift in Sources */ = {isa = PBXBuildFile; fileRef = AB782359289AFBEB0075746B /* Hero.swift */; };
		AB78235C289AFC090075746B /* Hero.swift in Sources */ = {isa = PBXBuildFile; fileRef = AB782359289AFBEB0075746B /* Hero.swift */; };
		AB782363289AFE7E0075746B /* ZoneMap.swift in Sources */ = {isa = PBXBuildFile; fileRef = AB782362289AFE7E0075746B /* ZoneMap.swift */; };
		AB782364289AFE7E0075746B /* ZoneMap.swift in Sources */ = {isa = PBXBuildFile; fileRef = AB782362289AFE7E0075746B /* ZoneMap.swift */; };
		AB782365289AFE7E0075746B /* ZoneMap.swift in Sources */ = {isa = PBXBuildFile; fileRef = AB782362289AFE7E0075746B /* ZoneMap.swift */; };
		AB782367289B00210075746B /* Artifact.swift in Sources */ = {isa = PBXBuildFile; fileRef = AB782366289B00210075746B /* Artifact.swift */; };
		AB782368289B00210075746B /* Artifact.swift in Sources */ = {isa = PBXBuildFile; fileRef = AB782366289B00210075746B /* Artifact.swift */; };
		AB782369289B00210075746B /* Artifact.swift in Sources */ = {isa = PBXBuildFile; fileRef = AB782366289B00210075746B /* Artifact.swift */; };
		AB782371289B012C0075746B /* Player.swift in Sources */ = {isa = PBXBuildFile; fileRef = AB782370289B012C0075746B /* Player.swift */; };
		AB782372289B012C0075746B /* Player.swift in Sources */ = {isa = PBXBuildFile; fileRef = AB782370289B012C0075746B /* Player.swift */; };
		AB782373289B012C0075746B /* Player.swift in Sources */ = {isa = PBXBuildFile; fileRef = AB782370289B012C0075746B /* Player.swift */; };
		AB782375289B0D0B0075746B /* MapNode.swift in Sources */ = {isa = PBXBuildFile; fileRef = AB782374289B0D0B0075746B /* MapNode.swift */; };
		AB782376289B0D0B0075746B /* MapNode.swift in Sources */ = {isa = PBXBuildFile; fileRef = AB782374289B0D0B0075746B /* MapNode.swift */; };
		AB782377289B0D0B0075746B /* MapNode.swift in Sources */ = {isa = PBXBuildFile; fileRef = AB782374289B0D0B0075746B /* MapNode.swift */; };
		AB782379289B117F0075746B /* MainPlayer.swift in Sources */ = {isa = PBXBuildFile; fileRef = AB782378289B117F0075746B /* MainPlayer.swift */; };
		AB78237A289B117F0075746B /* MainPlayer.swift in Sources */ = {isa = PBXBuildFile; fileRef = AB782378289B117F0075746B /* MainPlayer.swift */; };
		AB78237B289B117F0075746B /* MainPlayer.swift in Sources */ = {isa = PBXBuildFile; fileRef = AB782378289B117F0075746B /* MainPlayer.swift */; };
		AB78237F289DA6330075746B /* PlayerProfileView.swift in Sources */ = {isa = PBXBuildFile; fileRef = AB78237E289DA6330075746B /* PlayerProfileView.swift */; };
		AB782380289DA6330075746B /* PlayerProfileView.swift in Sources */ = {isa = PBXBuildFile; fileRef = AB78237E289DA6330075746B /* PlayerProfileView.swift */; };
		AB782381289DA6330075746B /* PlayerProfileView.swift in Sources */ = {isa = PBXBuildFile; fileRef = AB78237E289DA6330075746B /* PlayerProfileView.swift */; };
		AB782387289DB6710075746B /* PlayerProfileRes.xcassets in Resources */ = {isa = PBXBuildFile; fileRef = AB782386289DB6710075746B /* PlayerProfileRes.xcassets */; };
		AB782388289DB6710075746B /* PlayerProfileRes.xcassets in Resources */ = {isa = PBXBuildFile; fileRef = AB782386289DB6710075746B /* PlayerProfileRes.xcassets */; };
		AB782389289DB6710075746B /* PlayerProfileRes.xcassets in Resources */ = {isa = PBXBuildFile; fileRef = AB782386289DB6710075746B /* PlayerProfileRes.xcassets */; };
		ABBFE8E628BD0D6D005C1874 /* Geometry.swift in Sources */ = {isa = PBXBuildFile; fileRef = ABBFE8E328BD0D6D005C1874 /* Geometry.swift */; };
		ABBFE8E728BD0D6D005C1874 /* Geometry.swift in Sources */ = {isa = PBXBuildFile; fileRef = ABBFE8E328BD0D6D005C1874 /* Geometry.swift */; };
		ABBFE8E828BD0D6D005C1874 /* Location.swift in Sources */ = {isa = PBXBuildFile; fileRef = ABBFE8E428BD0D6D005C1874 /* Location.swift */; };
		ABBFE8E928BD0D6D005C1874 /* Location.swift in Sources */ = {isa = PBXBuildFile; fileRef = ABBFE8E428BD0D6D005C1874 /* Location.swift */; };
		ABBFE8EA28BD0D6D005C1874 /* ImageSource.swift in Sources */ = {isa = PBXBuildFile; fileRef = ABBFE8E528BD0D6D005C1874 /* ImageSource.swift */; };
		ABBFE8EB28BD0D6D005C1874 /* ImageSource.swift in Sources */ = {isa = PBXBuildFile; fileRef = ABBFE8E528BD0D6D005C1874 /* ImageSource.swift */; };
		ABCCCC7128AA94A40005B768 /* HTTPRequestTests.swift in Sources */ = {isa = PBXBuildFile; fileRef = ABCCCC7028AA94A40005B768 /* HTTPRequestTests.swift */; };
		B14895919470A9A8384A7941 /* GetPlayerProfile.swift in Sources */ = {isa = PBXBuildFile; fileRef = B1489F94C5C930E6DA9AA29F /* GetPlayerProfile.swift */; };
		B14895FD6C02768819612609 /* Collection+Extensions.swift in Sources */ = {isa = PBXBuildFile; fileRef = B1489B876410CDFB72A8F0CC /* Collection+Extensions.swift */; };
		B148966E588D5B994AE3BC1A /* GetPlayerProfile.swift in Sources */ = {isa = PBXBuildFile; fileRef = B1489F94C5C930E6DA9AA29F /* GetPlayerProfile.swift */; };
		B14896A71BAA98EBC12D9721 /* RemoteClient.swift in Sources */ = {isa = PBXBuildFile; fileRef = B1489C81D18AB1343C0D6ED8 /* RemoteClient.swift */; };
		B1489866490FF36DE85A5557 /* Collection+Extensions.swift in Sources */ = {isa = PBXBuildFile; fileRef = B1489B876410CDFB72A8F0CC /* Collection+Extensions.swift */; };
		B1489B7B46885BA804BF928B /* RemoteClient.swift in Sources */ = {isa = PBXBuildFile; fileRef = B1489C81D18AB1343C0D6ED8 /* RemoteClient.swift */; };
/* End PBXBuildFile section */

/* Begin PBXContainerItemProxy section */
		AB78233C289AED640075746B /* PBXContainerItemProxy */ = {
			isa = PBXContainerItemProxy;
			containerPortal = AB78231D289AED620075746B /* Project object */;
			proxyType = 1;
			remoteGlobalIDString = AB782324289AED620075746B;
			remoteInfo = HungerHeroes;
		};
		AB782346289AED640075746B /* PBXContainerItemProxy */ = {
			isa = PBXContainerItemProxy;
			containerPortal = AB78231D289AED620075746B /* Project object */;
			proxyType = 1;
			remoteGlobalIDString = AB782324289AED620075746B;
			remoteInfo = HungerHeroes;
		};
/* End PBXContainerItemProxy section */

/* Begin PBXFileReference section */
		AB71BB3028A7FAF100FD24C1 /* HttpClient.swift */ = {isa = PBXFileReference; lastKnownFileType = sourcecode.swift; path = HttpClient.swift; sourceTree = "<group>"; };
		AB71BB3328A7FB1800FD24C1 /* HttpRequest.swift */ = {isa = PBXFileReference; lastKnownFileType = sourcecode.swift; path = HttpRequest.swift; sourceTree = "<group>"; };
		AB71BB3628A7FB2300FD24C1 /* HttpResponse.swift */ = {isa = PBXFileReference; lastKnownFileType = sourcecode.swift; path = HttpResponse.swift; sourceTree = "<group>"; };
		AB782325289AED620075746B /* HungerHeroes.app */ = {isa = PBXFileReference; explicitFileType = wrapper.application; includeInIndex = 0; path = HungerHeroes.app; sourceTree = BUILT_PRODUCTS_DIR; };
		AB782328289AED620075746B /* AppDelegate.swift */ = {isa = PBXFileReference; lastKnownFileType = sourcecode.swift; path = AppDelegate.swift; sourceTree = "<group>"; };
		AB78232A289AED620075746B /* SceneDelegate.swift */ = {isa = PBXFileReference; lastKnownFileType = sourcecode.swift; path = SceneDelegate.swift; sourceTree = "<group>"; };
		AB78232C289AED620075746B /* ViewController.swift */ = {isa = PBXFileReference; lastKnownFileType = sourcecode.swift; path = ViewController.swift; sourceTree = "<group>"; };
		AB78232F289AED620075746B /* Base */ = {isa = PBXFileReference; lastKnownFileType = file.storyboard; name = Base; path = Base.lproj/Main.storyboard; sourceTree = "<group>"; };
		AB782331289AED630075746B /* Assets.xcassets */ = {isa = PBXFileReference; lastKnownFileType = folder.assetcatalog; path = Assets.xcassets; sourceTree = "<group>"; };
		AB782334289AED630075746B /* Base */ = {isa = PBXFileReference; lastKnownFileType = file.storyboard; name = Base; path = Base.lproj/LaunchScreen.storyboard; sourceTree = "<group>"; };
		AB782336289AED630075746B /* Info.plist */ = {isa = PBXFileReference; lastKnownFileType = text.plist.xml; path = Info.plist; sourceTree = "<group>"; };
		AB78233B289AED640075746B /* HungerHeroesTests.xctest */ = {isa = PBXFileReference; explicitFileType = wrapper.cfbundle; includeInIndex = 0; path = HungerHeroesTests.xctest; sourceTree = BUILT_PRODUCTS_DIR; };
		AB78233F289AED640075746B /* HungerHeroesTests.swift */ = {isa = PBXFileReference; lastKnownFileType = sourcecode.swift; path = HungerHeroesTests.swift; sourceTree = "<group>"; };
		AB782345289AED640075746B /* HungerHeroesUITests.xctest */ = {isa = PBXFileReference; explicitFileType = wrapper.cfbundle; includeInIndex = 0; path = HungerHeroesUITests.xctest; sourceTree = BUILT_PRODUCTS_DIR; };
		AB782349289AED640075746B /* HungerHeroesUITests.swift */ = {isa = PBXFileReference; lastKnownFileType = sourcecode.swift; path = HungerHeroesUITests.swift; sourceTree = "<group>"; };
		AB78234B289AED640075746B /* HungerHeroesUITestsLaunchTests.swift */ = {isa = PBXFileReference; lastKnownFileType = sourcecode.swift; path = HungerHeroesUITestsLaunchTests.swift; sourceTree = "<group>"; };
		AB782359289AFBEB0075746B /* Hero.swift */ = {isa = PBXFileReference; lastKnownFileType = sourcecode.swift; path = Hero.swift; sourceTree = "<group>"; };
		AB782362289AFE7E0075746B /* ZoneMap.swift */ = {isa = PBXFileReference; lastKnownFileType = sourcecode.swift; path = ZoneMap.swift; sourceTree = "<group>"; };
		AB782366289B00210075746B /* Artifact.swift */ = {isa = PBXFileReference; lastKnownFileType = sourcecode.swift; path = Artifact.swift; sourceTree = "<group>"; };
		AB782370289B012C0075746B /* Player.swift */ = {isa = PBXFileReference; lastKnownFileType = sourcecode.swift; path = Player.swift; sourceTree = "<group>"; };
		AB782374289B0D0B0075746B /* MapNode.swift */ = {isa = PBXFileReference; lastKnownFileType = sourcecode.swift; path = MapNode.swift; sourceTree = "<group>"; };
		AB782378289B117F0075746B /* MainPlayer.swift */ = {isa = PBXFileReference; lastKnownFileType = sourcecode.swift; path = MainPlayer.swift; sourceTree = "<group>"; };
		AB78237E289DA6330075746B /* PlayerProfileView.swift */ = {isa = PBXFileReference; lastKnownFileType = sourcecode.swift; path = PlayerProfileView.swift; sourceTree = "<group>"; };
		AB782386289DB6710075746B /* PlayerProfileRes.xcassets */ = {isa = PBXFileReference; lastKnownFileType = folder.assetcatalog; path = PlayerProfileRes.xcassets; sourceTree = "<group>"; };
		ABBFE8E328BD0D6D005C1874 /* Geometry.swift */ = {isa = PBXFileReference; fileEncoding = 4; lastKnownFileType = sourcecode.swift; path = Geometry.swift; sourceTree = "<group>"; };
		ABBFE8E428BD0D6D005C1874 /* Location.swift */ = {isa = PBXFileReference; fileEncoding = 4; lastKnownFileType = sourcecode.swift; path = Location.swift; sourceTree = "<group>"; };
		ABBFE8E528BD0D6D005C1874 /* ImageSource.swift */ = {isa = PBXFileReference; fileEncoding = 4; lastKnownFileType = sourcecode.swift; path = ImageSource.swift; sourceTree = "<group>"; };
		ABCCCC7028AA94A40005B768 /* HTTPRequestTests.swift */ = {isa = PBXFileReference; lastKnownFileType = sourcecode.swift; path = HTTPRequestTests.swift; sourceTree = "<group>"; };
		B1489B876410CDFB72A8F0CC /* Collection+Extensions.swift */ = {isa = PBXFileReference; fileEncoding = 4; lastKnownFileType = sourcecode.swift; path = "Collection+Extensions.swift"; sourceTree = "<group>"; };
		B1489C81D18AB1343C0D6ED8 /* RemoteClient.swift */ = {isa = PBXFileReference; fileEncoding = 4; lastKnownFileType = sourcecode.swift; path = RemoteClient.swift; sourceTree = "<group>"; };
		B1489F94C5C930E6DA9AA29F /* GetPlayerProfile.swift */ = {isa = PBXFileReference; fileEncoding = 4; lastKnownFileType = sourcecode.swift; path = GetPlayerProfile.swift; sourceTree = "<group>"; };
/* End PBXFileReference section */

/* Begin PBXFrameworksBuildPhase section */
		AB782322289AED620075746B /* Frameworks */ = {
			isa = PBXFrameworksBuildPhase;
			buildActionMask = 2147483647;
			files = (
			);
			runOnlyForDeploymentPostprocessing = 0;
		};
		AB782338289AED640075746B /* Frameworks */ = {
			isa = PBXFrameworksBuildPhase;
			buildActionMask = 2147483647;
			files = (
			);
			runOnlyForDeploymentPostprocessing = 0;
		};
		AB782342289AED640075746B /* Frameworks */ = {
			isa = PBXFrameworksBuildPhase;
			buildActionMask = 2147483647;
			files = (
			);
			runOnlyForDeploymentPostprocessing = 0;
		};
/* End PBXFrameworksBuildPhase section */

/* Begin PBXGroup section */
		AB71BB2D28A7F84300FD24C1 /* Global */ = {
			isa = PBXGroup;
			children = (
				B1489AAF66B4680F0EF4425B /* Extensions */,
				AB71BB2E28A7F87300FD24C1 /* Libraries */,
				ABBFE8E228BD0D6D005C1874 /* Types */,
			);
			path = Global;
			sourceTree = "<group>";
		};
		AB71BB2E28A7F87300FD24C1 /* Libraries */ = {
			isa = PBXGroup;
			children = (
				AB71BB2F28A7F88300FD24C1 /* Http */,
			);
			path = Libraries;
			sourceTree = "<group>";
		};
		AB71BB2F28A7F88300FD24C1 /* Http */ = {
			isa = PBXGroup;
			children = (
				AB71BB3028A7FAF100FD24C1 /* HttpClient.swift */,
				AB71BB3328A7FB1800FD24C1 /* HttpRequest.swift */,
				AB71BB3628A7FB2300FD24C1 /* HttpResponse.swift */,
			);
			path = Http;
			sourceTree = "<group>";
		};
		AB78231C289AED620075746B = {
			isa = PBXGroup;
			children = (
				AB71BB2D28A7F84300FD24C1 /* Global */,
				AB782327289AED620075746B /* HungerHeroes */,
				AB78233E289AED640075746B /* HungerHeroesTests */,
				AB782348289AED640075746B /* HungerHeroesUITests */,
				AB782326289AED620075746B /* Products */,
			);
			sourceTree = "<group>";
		};
		AB782326289AED620075746B /* Products */ = {
			isa = PBXGroup;
			children = (
				AB782325289AED620075746B /* HungerHeroes.app */,
				AB78233B289AED640075746B /* HungerHeroesTests.xctest */,
				AB782345289AED640075746B /* HungerHeroesUITests.xctest */,
			);
			name = Products;
			sourceTree = "<group>";
		};
		AB782327289AED620075746B /* HungerHeroes */ = {
			isa = PBXGroup;
			children = (
				AB78237C289DA57B0075746B /* UI */,
				AB782358289AFBD60075746B /* Models */,
				AB782328289AED620075746B /* AppDelegate.swift */,
				AB78232A289AED620075746B /* SceneDelegate.swift */,
				AB78232C289AED620075746B /* ViewController.swift */,
				AB78232E289AED620075746B /* Main.storyboard */,
				AB782331289AED630075746B /* Assets.xcassets */,
				AB782333289AED630075746B /* LaunchScreen.storyboard */,
				AB782336289AED630075746B /* Info.plist */,
				B1489D0EF17380D1EB8916AC /* Remote */,
			);
			path = HungerHeroes;
			sourceTree = "<group>";
		};
		AB78233E289AED640075746B /* HungerHeroesTests */ = {
			isa = PBXGroup;
			children = (
				AB78233F289AED640075746B /* HungerHeroesTests.swift */,
				ABCCCC7028AA94A40005B768 /* HTTPRequestTests.swift */,
			);
			path = HungerHeroesTests;
			sourceTree = "<group>";
		};
		AB782348289AED640075746B /* HungerHeroesUITests */ = {
			isa = PBXGroup;
			children = (
				AB782349289AED640075746B /* HungerHeroesUITests.swift */,
				AB78234B289AED640075746B /* HungerHeroesUITestsLaunchTests.swift */,
			);
			path = HungerHeroesUITests;
			sourceTree = "<group>";
		};
		AB782358289AFBD60075746B /* Models */ = {
			isa = PBXGroup;
			children = (
				AB782359289AFBEB0075746B /* Hero.swift */,
				AB782370289B012C0075746B /* Player.swift */,
				AB782362289AFE7E0075746B /* ZoneMap.swift */,
				AB782366289B00210075746B /* Artifact.swift */,
				AB782374289B0D0B0075746B /* MapNode.swift */,
				AB782378289B117F0075746B /* MainPlayer.swift */,
			);
			path = Models;
			sourceTree = "<group>";
		};
		AB78237C289DA57B0075746B /* UI */ = {
			isa = PBXGroup;
			children = (
				AB78237D289DA5C70075746B /* PlayerProfile */,
			);
			path = UI;
			sourceTree = "<group>";
		};
		AB78237D289DA5C70075746B /* PlayerProfile */ = {
			isa = PBXGroup;
			children = (
				AB78237E289DA6330075746B /* PlayerProfileView.swift */,
				AB782386289DB6710075746B /* PlayerProfileRes.xcassets */,
			);
			path = PlayerProfile;
			sourceTree = "<group>";
		};
		ABBFE8E228BD0D6D005C1874 /* Types */ = {
			isa = PBXGroup;
			children = (
				ABBFE8E328BD0D6D005C1874 /* Geometry.swift */,
				ABBFE8E428BD0D6D005C1874 /* Location.swift */,
				ABBFE8E528BD0D6D005C1874 /* ImageSource.swift */,
			);
			path = Types;
			sourceTree = "<group>";
		};
		B1489144D9F39BB90C298C22 /* API */ = {
			isa = PBXGroup;
			children = (
				B1489C81D18AB1343C0D6ED8 /* RemoteClient.swift */,
				B1489F94C5C930E6DA9AA29F /* GetPlayerProfile.swift */,
			);
			path = API;
			sourceTree = "<group>";
		};
		B1489AAF66B4680F0EF4425B /* Extensions */ = {
			isa = PBXGroup;
			children = (
				B1489B876410CDFB72A8F0CC /* Collection+Extensions.swift */,
			);
			path = Extensions;
			sourceTree = "<group>";
		};
		B1489D0EF17380D1EB8916AC /* Remote */ = {
			isa = PBXGroup;
			children = (
				B1489144D9F39BB90C298C22 /* API */,
			);
			path = Remote;
			sourceTree = "<group>";
		};
/* End PBXGroup section */

/* Begin PBXNativeTarget section */
		AB782324289AED620075746B /* HungerHeroes */ = {
			isa = PBXNativeTarget;
			buildConfigurationList = AB78234F289AED640075746B /* Build configuration list for PBXNativeTarget "HungerHeroes" */;
			buildPhases = (
				AB782321289AED620075746B /* Sources */,
				AB782322289AED620075746B /* Frameworks */,
				AB782323289AED620075746B /* Resources */,
			);
			buildRules = (
			);
			dependencies = (
			);
			name = HungerHeroes;
			productName = HungerHeroes;
			productReference = AB782325289AED620075746B /* HungerHeroes.app */;
			productType = "com.apple.product-type.application";
		};
		AB78233A289AED640075746B /* HungerHeroesTests */ = {
			isa = PBXNativeTarget;
			buildConfigurationList = AB782352289AED640075746B /* Build configuration list for PBXNativeTarget "HungerHeroesTests" */;
			buildPhases = (
				AB782337289AED640075746B /* Sources */,
				AB782338289AED640075746B /* Frameworks */,
				AB782339289AED640075746B /* Resources */,
			);
			buildRules = (
			);
			dependencies = (
				AB78233D289AED640075746B /* PBXTargetDependency */,
			);
			name = HungerHeroesTests;
			productName = HungerHeroesTests;
			productReference = AB78233B289AED640075746B /* HungerHeroesTests.xctest */;
			productType = "com.apple.product-type.bundle.unit-test";
		};
		AB782344289AED640075746B /* HungerHeroesUITests */ = {
			isa = PBXNativeTarget;
			buildConfigurationList = AB782355289AED640075746B /* Build configuration list for PBXNativeTarget "HungerHeroesUITests" */;
			buildPhases = (
				AB782341289AED640075746B /* Sources */,
				AB782342289AED640075746B /* Frameworks */,
				AB782343289AED640075746B /* Resources */,
			);
			buildRules = (
			);
			dependencies = (
				AB782347289AED640075746B /* PBXTargetDependency */,
			);
			name = HungerHeroesUITests;
			productName = HungerHeroesUITests;
			productReference = AB782345289AED640075746B /* HungerHeroesUITests.xctest */;
			productType = "com.apple.product-type.bundle.ui-testing";
		};
/* End PBXNativeTarget section */

/* Begin PBXProject section */
		AB78231D289AED620075746B /* Project object */ = {
			isa = PBXProject;
			attributes = {
				BuildIndependentTargetsInParallel = 1;
				LastSwiftUpdateCheck = 1340;
				LastUpgradeCheck = 1340;
				TargetAttributes = {
					AB782324289AED620075746B = {
						CreatedOnToolsVersion = 13.4.1;
					};
					AB78233A289AED640075746B = {
						CreatedOnToolsVersion = 13.4.1;
						TestTargetID = AB782324289AED620075746B;
					};
					AB782344289AED640075746B = {
						CreatedOnToolsVersion = 13.4.1;
						TestTargetID = AB782324289AED620075746B;
					};
				};
			};
			buildConfigurationList = AB782320289AED620075746B /* Build configuration list for PBXProject "HungerHeroes" */;
			compatibilityVersion = "Xcode 13.0";
			developmentRegion = en;
			hasScannedForEncodings = 0;
			knownRegions = (
				en,
				Base,
			);
			mainGroup = AB78231C289AED620075746B;
			productRefGroup = AB782326289AED620075746B /* Products */;
			projectDirPath = "";
			projectRoot = "";
			targets = (
				AB782324289AED620075746B /* HungerHeroes */,
				AB78233A289AED640075746B /* HungerHeroesTests */,
				AB782344289AED640075746B /* HungerHeroesUITests */,
			);
		};
/* End PBXProject section */

/* Begin PBXResourcesBuildPhase section */
		AB782323289AED620075746B /* Resources */ = {
			isa = PBXResourcesBuildPhase;
			buildActionMask = 2147483647;
			files = (
				AB782335289AED630075746B /* LaunchScreen.storyboard in Resources */,
				AB782332289AED630075746B /* Assets.xcassets in Resources */,
				AB782330289AED620075746B /* Main.storyboard in Resources */,
				AB782387289DB6710075746B /* PlayerProfileRes.xcassets in Resources */,
			);
			runOnlyForDeploymentPostprocessing = 0;
		};
		AB782339289AED640075746B /* Resources */ = {
			isa = PBXResourcesBuildPhase;
			buildActionMask = 2147483647;
			files = (
				AB782388289DB6710075746B /* PlayerProfileRes.xcassets in Resources */,
			);
			runOnlyForDeploymentPostprocessing = 0;
		};
		AB782343289AED640075746B /* Resources */ = {
			isa = PBXResourcesBuildPhase;
			buildActionMask = 2147483647;
			files = (
				AB782389289DB6710075746B /* PlayerProfileRes.xcassets in Resources */,
			);
			runOnlyForDeploymentPostprocessing = 0;
		};
/* End PBXResourcesBuildPhase section */

/* Begin PBXSourcesBuildPhase section */
		AB782321289AED620075746B /* Sources */ = {
			isa = PBXSourcesBuildPhase;
			buildActionMask = 2147483647;
			files = (
				ABBFE8E628BD0D6D005C1874 /* Geometry.swift in Sources */,
				AB782363289AFE7E0075746B /* ZoneMap.swift in Sources */,
				AB71BB3428A7FB1800FD24C1 /* HttpRequest.swift in Sources */,
				ABBFE8EA28BD0D6D005C1874 /* ImageSource.swift in Sources */,
				AB782379289B117F0075746B /* MainPlayer.swift in Sources */,
				ABBFE8E828BD0D6D005C1874 /* Location.swift in Sources */,
				AB782367289B00210075746B /* Artifact.swift in Sources */,
				AB78232D289AED620075746B /* ViewController.swift in Sources */,
				AB782329289AED620075746B /* AppDelegate.swift in Sources */,
				AB71BB3728A7FB2300FD24C1 /* HttpResponse.swift in Sources */,
				AB71BB3128A7FAF100FD24C1 /* HttpClient.swift in Sources */,
				AB78237F289DA6330075746B /* PlayerProfileView.swift in Sources */,
				AB782375289B0D0B0075746B /* MapNode.swift in Sources */,
				AB782371289B012C0075746B /* Player.swift in Sources */,
				AB78232B289AED620075746B /* SceneDelegate.swift in Sources */,
				AB78235A289AFBEB0075746B /* Hero.swift in Sources */,
				B14895FD6C02768819612609 /* Collection+Extensions.swift in Sources */,
				B1489B7B46885BA804BF928B /* RemoteClient.swift in Sources */,
				B14895919470A9A8384A7941 /* GetPlayerProfile.swift in Sources */,
			);
			runOnlyForDeploymentPostprocessing = 0;
		};
		AB782337289AED640075746B /* Sources */ = {
			isa = PBXSourcesBuildPhase;
			buildActionMask = 2147483647;
			files = (
				AB782376289B0D0B0075746B /* MapNode.swift in Sources */,
				AB782340289AED640075746B /* HungerHeroesTests.swift in Sources */,
				AB782368289B00210075746B /* Artifact.swift in Sources */,
				AB782380289DA6330075746B /* PlayerProfileView.swift in Sources */,
				ABBFE8EB28BD0D6D005C1874 /* ImageSource.swift in Sources */,
				AB78237A289B117F0075746B /* MainPlayer.swift in Sources */,
				ABBFE8E928BD0D6D005C1874 /* Location.swift in Sources */,
				ABBFE8E728BD0D6D005C1874 /* Geometry.swift in Sources */,
				AB782364289AFE7E0075746B /* ZoneMap.swift in Sources */,
				AB782372289B012C0075746B /* Player.swift in Sources */,
				AB71BB3828A7FB2300FD24C1 /* HttpResponse.swift in Sources */,
				AB71BB3528A7FB1800FD24C1 /* HttpRequest.swift in Sources */,
				ABCCCC7128AA94A40005B768 /* HTTPRequestTests.swift in Sources */,
				AB78235B289AFC050075746B /* Hero.swift in Sources */,
				AB71BB3228A7FAF100FD24C1 /* HttpClient.swift in Sources */,
				B1489866490FF36DE85A5557 /* Collection+Extensions.swift in Sources */,
				B14896A71BAA98EBC12D9721 /* RemoteClient.swift in Sources */,
				B148966E588D5B994AE3BC1A /* GetPlayerProfile.swift in Sources */,
			);
			runOnlyForDeploymentPostprocessing = 0;
		};
		AB782341289AED640075746B /* Sources */ = {
			isa = PBXSourcesBuildPhase;
			buildActionMask = 2147483647;
			files = (
				AB78234A289AED640075746B /* HungerHeroesUITests.swift in Sources */,
				AB782369289B00210075746B /* Artifact.swift in Sources */,
				AB78234C289AED640075746B /* HungerHeroesUITestsLaunchTests.swift in Sources */,
				AB78235C289AFC090075746B /* Hero.swift in Sources */,
				AB782373289B012C0075746B /* Player.swift in Sources */,
				AB782381289DA6330075746B /* PlayerProfileView.swift in Sources */,
				AB78237B289B117F0075746B /* MainPlayer.swift in Sources */,
				AB782365289AFE7E0075746B /* ZoneMap.swift in Sources */,
				AB782377289B0D0B0075746B /* MapNode.swift in Sources */,
			);
			runOnlyForDeploymentPostprocessing = 0;
		};
/* End PBXSourcesBuildPhase section */

/* Begin PBXTargetDependency section */
		AB78233D289AED640075746B /* PBXTargetDependency */ = {
			isa = PBXTargetDependency;
			target = AB782324289AED620075746B /* HungerHeroes */;
			targetProxy = AB78233C289AED640075746B /* PBXContainerItemProxy */;
		};
		AB782347289AED640075746B /* PBXTargetDependency */ = {
			isa = PBXTargetDependency;
			target = AB782324289AED620075746B /* HungerHeroes */;
			targetProxy = AB782346289AED640075746B /* PBXContainerItemProxy */;
		};
/* End PBXTargetDependency section */

/* Begin PBXVariantGroup section */
		AB78232E289AED620075746B /* Main.storyboard */ = {
			isa = PBXVariantGroup;
			children = (
				AB78232F289AED620075746B /* Base */,
			);
			name = Main.storyboard;
			sourceTree = "<group>";
		};
		AB782333289AED630075746B /* LaunchScreen.storyboard */ = {
			isa = PBXVariantGroup;
			children = (
				AB782334289AED630075746B /* Base */,
			);
			name = LaunchScreen.storyboard;
			sourceTree = "<group>";
		};
/* End PBXVariantGroup section */

/* Begin XCBuildConfiguration section */
		AB78234D289AED640075746B /* Debug */ = {
			isa = XCBuildConfiguration;
			buildSettings = {
				ALWAYS_SEARCH_USER_PATHS = NO;
				CLANG_ANALYZER_NONNULL = YES;
				CLANG_ANALYZER_NUMBER_OBJECT_CONVERSION = YES_AGGRESSIVE;
				CLANG_CXX_LANGUAGE_STANDARD = "gnu++17";
				CLANG_ENABLE_MODULES = YES;
				CLANG_ENABLE_OBJC_ARC = YES;
				CLANG_ENABLE_OBJC_WEAK = YES;
				CLANG_WARN_BLOCK_CAPTURE_AUTORELEASING = YES;
				CLANG_WARN_BOOL_CONVERSION = YES;
				CLANG_WARN_COMMA = YES;
				CLANG_WARN_CONSTANT_CONVERSION = YES;
				CLANG_WARN_DEPRECATED_OBJC_IMPLEMENTATIONS = YES;
				CLANG_WARN_DIRECT_OBJC_ISA_USAGE = YES_ERROR;
				CLANG_WARN_DOCUMENTATION_COMMENTS = YES;
				CLANG_WARN_EMPTY_BODY = YES;
				CLANG_WARN_ENUM_CONVERSION = YES;
				CLANG_WARN_INFINITE_RECURSION = YES;
				CLANG_WARN_INT_CONVERSION = YES;
				CLANG_WARN_NON_LITERAL_NULL_CONVERSION = YES;
				CLANG_WARN_OBJC_IMPLICIT_RETAIN_SELF = YES;
				CLANG_WARN_OBJC_LITERAL_CONVERSION = YES;
				CLANG_WARN_OBJC_ROOT_CLASS = YES_ERROR;
				CLANG_WARN_QUOTED_INCLUDE_IN_FRAMEWORK_HEADER = YES;
				CLANG_WARN_RANGE_LOOP_ANALYSIS = YES;
				CLANG_WARN_STRICT_PROTOTYPES = YES;
				CLANG_WARN_SUSPICIOUS_MOVE = YES;
				CLANG_WARN_UNGUARDED_AVAILABILITY = YES_AGGRESSIVE;
				CLANG_WARN_UNREACHABLE_CODE = YES;
				CLANG_WARN__DUPLICATE_METHOD_MATCH = YES;
				COPY_PHASE_STRIP = NO;
				DEBUG_INFORMATION_FORMAT = dwarf;
				ENABLE_STRICT_OBJC_MSGSEND = YES;
				ENABLE_TESTABILITY = YES;
				GCC_C_LANGUAGE_STANDARD = gnu11;
				GCC_DYNAMIC_NO_PIC = NO;
				GCC_NO_COMMON_BLOCKS = YES;
				GCC_OPTIMIZATION_LEVEL = 0;
				GCC_PREPROCESSOR_DEFINITIONS = (
					"DEBUG=1",
					"$(inherited)",
				);
				GCC_WARN_64_TO_32_BIT_CONVERSION = YES;
				GCC_WARN_ABOUT_RETURN_TYPE = YES_ERROR;
				GCC_WARN_UNDECLARED_SELECTOR = YES;
				GCC_WARN_UNINITIALIZED_AUTOS = YES_AGGRESSIVE;
				GCC_WARN_UNUSED_FUNCTION = YES;
				GCC_WARN_UNUSED_VARIABLE = YES;
				IPHONEOS_DEPLOYMENT_TARGET = 15.5;
				MTL_ENABLE_DEBUG_INFO = INCLUDE_SOURCE;
				MTL_FAST_MATH = YES;
				ONLY_ACTIVE_ARCH = YES;
				SDKROOT = iphoneos;
				SWIFT_ACTIVE_COMPILATION_CONDITIONS = DEBUG;
				SWIFT_OPTIMIZATION_LEVEL = "-Onone";
			};
			name = Debug;
		};
		AB78234E289AED640075746B /* Release */ = {
			isa = XCBuildConfiguration;
			buildSettings = {
				ALWAYS_SEARCH_USER_PATHS = NO;
				CLANG_ANALYZER_NONNULL = YES;
				CLANG_ANALYZER_NUMBER_OBJECT_CONVERSION = YES_AGGRESSIVE;
				CLANG_CXX_LANGUAGE_STANDARD = "gnu++17";
				CLANG_ENABLE_MODULES = YES;
				CLANG_ENABLE_OBJC_ARC = YES;
				CLANG_ENABLE_OBJC_WEAK = YES;
				CLANG_WARN_BLOCK_CAPTURE_AUTORELEASING = YES;
				CLANG_WARN_BOOL_CONVERSION = YES;
				CLANG_WARN_COMMA = YES;
				CLANG_WARN_CONSTANT_CONVERSION = YES;
				CLANG_WARN_DEPRECATED_OBJC_IMPLEMENTATIONS = YES;
				CLANG_WARN_DIRECT_OBJC_ISA_USAGE = YES_ERROR;
				CLANG_WARN_DOCUMENTATION_COMMENTS = YES;
				CLANG_WARN_EMPTY_BODY = YES;
				CLANG_WARN_ENUM_CONVERSION = YES;
				CLANG_WARN_INFINITE_RECURSION = YES;
				CLANG_WARN_INT_CONVERSION = YES;
				CLANG_WARN_NON_LITERAL_NULL_CONVERSION = YES;
				CLANG_WARN_OBJC_IMPLICIT_RETAIN_SELF = YES;
				CLANG_WARN_OBJC_LITERAL_CONVERSION = YES;
				CLANG_WARN_OBJC_ROOT_CLASS = YES_ERROR;
				CLANG_WARN_QUOTED_INCLUDE_IN_FRAMEWORK_HEADER = YES;
				CLANG_WARN_RANGE_LOOP_ANALYSIS = YES;
				CLANG_WARN_STRICT_PROTOTYPES = YES;
				CLANG_WARN_SUSPICIOUS_MOVE = YES;
				CLANG_WARN_UNGUARDED_AVAILABILITY = YES_AGGRESSIVE;
				CLANG_WARN_UNREACHABLE_CODE = YES;
				CLANG_WARN__DUPLICATE_METHOD_MATCH = YES;
				COPY_PHASE_STRIP = NO;
				DEBUG_INFORMATION_FORMAT = "dwarf-with-dsym";
				ENABLE_NS_ASSERTIONS = NO;
				ENABLE_STRICT_OBJC_MSGSEND = YES;
				GCC_C_LANGUAGE_STANDARD = gnu11;
				GCC_NO_COMMON_BLOCKS = YES;
				GCC_WARN_64_TO_32_BIT_CONVERSION = YES;
				GCC_WARN_ABOUT_RETURN_TYPE = YES_ERROR;
				GCC_WARN_UNDECLARED_SELECTOR = YES;
				GCC_WARN_UNINITIALIZED_AUTOS = YES_AGGRESSIVE;
				GCC_WARN_UNUSED_FUNCTION = YES;
				GCC_WARN_UNUSED_VARIABLE = YES;
				IPHONEOS_DEPLOYMENT_TARGET = 15.5;
				MTL_ENABLE_DEBUG_INFO = NO;
				MTL_FAST_MATH = YES;
				SDKROOT = iphoneos;
				SWIFT_COMPILATION_MODE = wholemodule;
				SWIFT_OPTIMIZATION_LEVEL = "-O";
				VALIDATE_PRODUCT = YES;
			};
			name = Release;
		};
		AB782350289AED640075746B /* Debug */ = {
			isa = XCBuildConfiguration;
			buildSettings = {
				ASSETCATALOG_COMPILER_APPICON_NAME = AppIcon;
				ASSETCATALOG_COMPILER_GLOBAL_ACCENT_COLOR_NAME = AccentColor;
				CODE_SIGN_STYLE = Automatic;
				CURRENT_PROJECT_VERSION = 1;
				GENERATE_INFOPLIST_FILE = YES;
				INFOPLIST_FILE = HungerHeroes/Info.plist;
				INFOPLIST_KEY_UIApplicationSupportsIndirectInputEvents = YES;
				INFOPLIST_KEY_UILaunchStoryboardName = LaunchScreen;
				INFOPLIST_KEY_UIMainStoryboardFile = Main;
				INFOPLIST_KEY_UISupportedInterfaceOrientations_iPad = "UIInterfaceOrientationPortrait UIInterfaceOrientationPortraitUpsideDown UIInterfaceOrientationLandscapeLeft UIInterfaceOrientationLandscapeRight";
				INFOPLIST_KEY_UISupportedInterfaceOrientations_iPhone = "UIInterfaceOrientationPortrait UIInterfaceOrientationLandscapeLeft UIInterfaceOrientationLandscapeRight";
				IPHONEOS_DEPLOYMENT_TARGET = 15.0;
				LD_RUNPATH_SEARCH_PATHS = (
					"$(inherited)",
					"@executable_path/Frameworks",
				);
				MARKETING_VERSION = 1.0;
				PRODUCT_BUNDLE_IDENTIFIER = hg.HungerHeroes;
				PRODUCT_NAME = "$(TARGET_NAME)";
				SWIFT_EMIT_LOC_STRINGS = YES;
				SWIFT_VERSION = 5.0;
				TARGETED_DEVICE_FAMILY = "1,2";
			};
			name = Debug;
		};
		AB782351289AED640075746B /* Release */ = {
			isa = XCBuildConfiguration;
			buildSettings = {
				ASSETCATALOG_COMPILER_APPICON_NAME = AppIcon;
				ASSETCATALOG_COMPILER_GLOBAL_ACCENT_COLOR_NAME = AccentColor;
				CODE_SIGN_STYLE = Automatic;
				CURRENT_PROJECT_VERSION = 1;
				GENERATE_INFOPLIST_FILE = YES;
				INFOPLIST_FILE = HungerHeroes/Info.plist;
				INFOPLIST_KEY_UIApplicationSupportsIndirectInputEvents = YES;
				INFOPLIST_KEY_UILaunchStoryboardName = LaunchScreen;
				INFOPLIST_KEY_UIMainStoryboardFile = Main;
				INFOPLIST_KEY_UISupportedInterfaceOrientations_iPad = "UIInterfaceOrientationPortrait UIInterfaceOrientationPortraitUpsideDown UIInterfaceOrientationLandscapeLeft UIInterfaceOrientationLandscapeRight";
				INFOPLIST_KEY_UISupportedInterfaceOrientations_iPhone = "UIInterfaceOrientationPortrait UIInterfaceOrientationLandscapeLeft UIInterfaceOrientationLandscapeRight";
				IPHONEOS_DEPLOYMENT_TARGET = 15.0;
				LD_RUNPATH_SEARCH_PATHS = (
					"$(inherited)",
					"@executable_path/Frameworks",
				);
				MARKETING_VERSION = 1.0;
				PRODUCT_BUNDLE_IDENTIFIER = hg.HungerHeroes;
				PRODUCT_NAME = "$(TARGET_NAME)";
				SWIFT_EMIT_LOC_STRINGS = YES;
				SWIFT_VERSION = 5.0;
				TARGETED_DEVICE_FAMILY = "1,2";
			};
			name = Release;
		};
		AB782353289AED640075746B /* Debug */ = {
			isa = XCBuildConfiguration;
			buildSettings = {
				ALWAYS_EMBED_SWIFT_STANDARD_LIBRARIES = YES;
				BUNDLE_LOADER = "$(TEST_HOST)";
				CODE_SIGN_STYLE = Automatic;
				CURRENT_PROJECT_VERSION = 1;
				GENERATE_INFOPLIST_FILE = YES;
				IPHONEOS_DEPLOYMENT_TARGET = 15.5;
				MARKETING_VERSION = 1.0;
				PRODUCT_BUNDLE_IDENTIFIER = hg.HungerHeroesTests;
				PRODUCT_NAME = "$(TARGET_NAME)";
				SWIFT_EMIT_LOC_STRINGS = NO;
				SWIFT_VERSION = 5.0;
				TARGETED_DEVICE_FAMILY = "1,2";
				TEST_HOST = "$(BUILT_PRODUCTS_DIR)/HungerHeroes.app/HungerHeroes";
			};
			name = Debug;
		};
		AB782354289AED640075746B /* Release */ = {
			isa = XCBuildConfiguration;
			buildSettings = {
				ALWAYS_EMBED_SWIFT_STANDARD_LIBRARIES = YES;
				BUNDLE_LOADER = "$(TEST_HOST)";
				CODE_SIGN_STYLE = Automatic;
				CURRENT_PROJECT_VERSION = 1;
				GENERATE_INFOPLIST_FILE = YES;
				IPHONEOS_DEPLOYMENT_TARGET = 15.5;
				MARKETING_VERSION = 1.0;
				PRODUCT_BUNDLE_IDENTIFIER = hg.HungerHeroesTests;
				PRODUCT_NAME = "$(TARGET_NAME)";
				SWIFT_EMIT_LOC_STRINGS = NO;
				SWIFT_VERSION = 5.0;
				TARGETED_DEVICE_FAMILY = "1,2";
				TEST_HOST = "$(BUILT_PRODUCTS_DIR)/HungerHeroes.app/HungerHeroes";
			};
			name = Release;
		};
		AB782356289AED640075746B /* Debug */ = {
			isa = XCBuildConfiguration;
			buildSettings = {
				ALWAYS_EMBED_SWIFT_STANDARD_LIBRARIES = YES;
				CODE_SIGN_STYLE = Automatic;
				CURRENT_PROJECT_VERSION = 1;
				GENERATE_INFOPLIST_FILE = YES;
				MARKETING_VERSION = 1.0;
				PRODUCT_BUNDLE_IDENTIFIER = hg.HungerHeroesUITests;
				PRODUCT_NAME = "$(TARGET_NAME)";
				SWIFT_EMIT_LOC_STRINGS = NO;
				SWIFT_VERSION = 5.0;
				TARGETED_DEVICE_FAMILY = "1,2";
				TEST_TARGET_NAME = HungerHeroes;
			};
			name = Debug;
		};
		AB782357289AED640075746B /* Release */ = {
			isa = XCBuildConfiguration;
			buildSettings = {
				ALWAYS_EMBED_SWIFT_STANDARD_LIBRARIES = YES;
				CODE_SIGN_STYLE = Automatic;
				CURRENT_PROJECT_VERSION = 1;
				GENERATE_INFOPLIST_FILE = YES;
				MARKETING_VERSION = 1.0;
				PRODUCT_BUNDLE_IDENTIFIER = hg.HungerHeroesUITests;
				PRODUCT_NAME = "$(TARGET_NAME)";
				SWIFT_EMIT_LOC_STRINGS = NO;
				SWIFT_VERSION = 5.0;
				TARGETED_DEVICE_FAMILY = "1,2";
				TEST_TARGET_NAME = HungerHeroes;
			};
			name = Release;
		};
/* End XCBuildConfiguration section */

/* Begin XCConfigurationList section */
		AB782320289AED620075746B /* Build configuration list for PBXProject "HungerHeroes" */ = {
			isa = XCConfigurationList;
			buildConfigurations = (
				AB78234D289AED640075746B /* Debug */,
				AB78234E289AED640075746B /* Release */,
			);
			defaultConfigurationIsVisible = 0;
			defaultConfigurationName = Release;
		};
		AB78234F289AED640075746B /* Build configuration list for PBXNativeTarget "HungerHeroes" */ = {
			isa = XCConfigurationList;
			buildConfigurations = (
				AB782350289AED640075746B /* Debug */,
				AB782351289AED640075746B /* Release */,
			);
			defaultConfigurationIsVisible = 0;
			defaultConfigurationName = Release;
		};
		AB782352289AED640075746B /* Build configuration list for PBXNativeTarget "HungerHeroesTests" */ = {
			isa = XCConfigurationList;
			buildConfigurations = (
				AB782353289AED640075746B /* Debug */,
				AB782354289AED640075746B /* Release */,
			);
			defaultConfigurationIsVisible = 0;
			defaultConfigurationName = Release;
		};
		AB782355289AED640075746B /* Build configuration list for PBXNativeTarget "HungerHeroesUITests" */ = {
			isa = XCConfigurationList;
			buildConfigurations = (
				AB782356289AED640075746B /* Debug */,
				AB782357289AED640075746B /* Release */,
			);
			defaultConfigurationIsVisible = 0;
			defaultConfigurationName = Release;
		};
/* End XCConfigurationList section */
	};
	rootObject = AB78231D289AED620075746B /* Project object */;
}
